
Microsoft Visual Studio Solution File, Format Version 12.00
# Visual Studio Version 17
VisualStudioVersion = 17.13.35931.197 d17.13
MinimumVisualStudioVersion = 10.0.40219.1
Project("{FAE04EC0-301F-11D3-BF4B-00C04F79EFBC}") = "QuantumBands.API", "QuantumBands.API\QuantumBands.API.csproj", "{7D2B0019-A3DB-47F2-BCC2-0B923AACF745}"
EndProject
Project("{FAE04EC0-301F-11D3-BF4B-00C04F79EFBC}") = "QuantumBands.Domain", "QuantumBands.Domain\QuantumBands.Domain.csproj", "{FC059E04-22FB-4C25-9FD9-370BA25FA3DE}"
EndProject
Project("{FAE04EC0-301F-11D3-BF4B-00C04F79EFBC}") = "QuantumBands.Application", "QuantumBands.Application\QuantumBands.Application.csproj", "{EAD9AD36-F01A-46D8-8373-223AB6002520}"
EndProject
Project("{FAE04EC0-301F-11D3-BF4B-00C04F79EFBC}") = "QuantumBands.Infrastructure", "QuantumBands.Infrastructure\QuantumBands.Infrastructure.csproj", "{6F4BC5AC-F7B5-4E48-8D8F-BEDBDD15D00C}"
EndProject
Global
	GlobalSection(SolutionConfigurationPlatforms) = preSolution
		Debug|Any CPU = Debug|Any CPU
		Release|Any CPU = Release|Any CPU
	EndGlobalSection
	GlobalSection(ProjectConfigurationPlatforms) = postSolution
		{7D2B0019-A3DB-47F2-BCC2-0B923AACF745}.Debug|Any CPU.ActiveCfg = Debug|Any CPU
		{7D2B0019-A3DB-47F2-BCC2-0B923AACF745}.Debug|Any CPU.Build.0 = Debug|Any CPU
		{7D2B0019-A3DB-47F2-BCC2-0B923AACF745}.Release|Any CPU.ActiveCfg = Release|Any CPU
		{7D2B0019-A3DB-47F2-BCC2-0B923AACF745}.Release|Any CPU.Build.0 = Release|Any CPU
		{FC059E04-22FB-4C25-9FD9-370BA25FA3DE}.Debug|Any CPU.ActiveCfg = Debug|Any CPU
		{FC059E04-22FB-4C25-9FD9-370BA25FA3DE}.Debug|Any CPU.Build.0 = Debug|Any CPU
		{FC059E04-22FB-4C25-9FD9-370BA25FA3DE}.Release|Any CPU.ActiveCfg = Release|Any CPU
		{FC059E04-22FB-4C25-9FD9-370BA25FA3DE}.Release|Any CPU.Build.0 = Release|Any CPU
		{EAD9AD36-F01A-46D8-8373-223AB6002520}.Debug|Any CPU.ActiveCfg = Debug|Any CPU
		{EAD9AD36-F01A-46D8-8373-223AB6002520}.Debug|Any CPU.Build.0 = Debug|Any CPU
		{EAD9AD36-F01A-46D8-8373-223AB6002520}.Release|Any CPU.ActiveCfg = Release|Any CPU
		{EAD9AD36-F01A-46D8-8373-223AB6002520}.Release|Any CPU.Build.0 = Release|Any CPU
		{6F4BC5AC-F7B5-4E48-8D8F-BEDBDD15D00C}.Debug|Any CPU.ActiveCfg = Debug|Any CPU
		{6F4BC5AC-F7B5-4E48-8D8F-BEDBDD15D00C}.Debug|Any CPU.Build.0 = Debug|Any CPU
		{6F4BC5AC-F7B5-4E48-8D8F-BEDBDD15D00C}.Release|Any CPU.ActiveCfg = Release|Any CPU
		{6F4BC5AC-F7B5-4E48-8D8F-BEDBDD15D00C}.Release|Any CPU.Build.0 = Release|Any CPU
	EndGlobalSection
	GlobalSection(SolutionProperties) = preSolution
		HideSolutionNode = FALSE
	EndGlobalSection
	GlobalSection(ExtensibilityGlobals) = postSolution
		SolutionGuid = {42747985-3A8E-4423-A9F3-715CB8DD97EE}
	EndGlobalSection
EndGlobal
